
Microsoft Visual Studio Solution File, Format Version 12.00
# Visual Studio 15
VisualStudioVersion = 15.0.28010.2016
MinimumVisualStudioVersion = 10.0.40219.1
Project("{FAE04EC0-301F-11D3-BF4B-00C04F79EFBC}") = "NetCoreLibrary", "NetCoreLibrary\NetCoreLibrary.csproj", "{35876507-704A-4343-9529-9395412D9D52}"
EndProject
Project("{FAE04EC0-301F-11D3-BF4B-00C04F79EFBC}") = "NetCoreApp", "NetCoreApp\NetCoreApp.csproj", "{23AC4AAF-DD7F-4725-9CDC-FD57930FD007}"
EndProject
Project("{930C7802-8A8C-48F9-8165-68863BCCD9DD}") = "WixSetupProject", "WixSetupProject\WixSetupProject.wixproj", "{6A28DB18-FB34-4F4A-B281-C71BECA12EA6}"
EndProject
Global
	GlobalSection(SolutionConfigurationPlatforms) = preSolution
		Debug|Any CPU = Debug|Any CPU
		Debug|x86 = Debug|x86
		Release|Any CPU = Release|Any CPU
		Release|x86 = Release|x86
	EndGlobalSection
	GlobalSection(ProjectConfigurationPlatforms) = postSolution
		{35876507-704A-4343-9529-9395412D9D52}.Debug|Any CPU.ActiveCfg = Debug|Any CPU
		{35876507-704A-4343-9529-9395412D9D52}.Debug|Any CPU.Build.0 = Debug|Any CPU
		{35876507-704A-4343-9529-9395412D9D52}.Debug|x86.ActiveCfg = Debug|Any CPU
		{35876507-704A-4343-9529-9395412D9D52}.Debug|x86.Build.0 = Debug|Any CPU
		{35876507-704A-4343-9529-9395412D9D52}.Release|Any CPU.ActiveCfg = Release|Any CPU
		{35876507-704A-4343-9529-9395412D9D52}.Release|Any CPU.Build.0 = Release|Any CPU
		{35876507-704A-4343-9529-9395412D9D52}.Release|x86.ActiveCfg = Release|Any CPU
		{35876507-704A-4343-9529-9395412D9D52}.Release|x86.Build.0 = Release|Any CPU
		{23AC4AAF-DD7F-4725-9CDC-FD57930FD007}.Debug|Any CPU.ActiveCfg = Debug|Any CPU
		{23AC4AAF-DD7F-4725-9CDC-FD57930FD007}.Debug|Any CPU.Build.0 = Debug|Any CPU
		{23AC4AAF-DD7F-4725-9CDC-FD57930FD007}.Debug|x86.ActiveCfg = Debug|Any CPU
		{23AC4AAF-DD7F-4725-9CDC-FD57930FD007}.Debug|x86.Build.0 = Debug|Any CPU
		{23AC4AAF-DD7F-4725-9CDC-FD57930FD007}.Release|Any CPU.ActiveCfg = Release|Any CPU
		{23AC4AAF-DD7F-4725-9CDC-FD57930FD007}.Release|Any CPU.Build.0 = Release|Any CPU
		{23AC4AAF-DD7F-4725-9CDC-FD57930FD007}.Release|x86.ActiveCfg = Release|Any CPU
		{23AC4AAF-DD7F-4725-9CDC-FD57930FD007}.Release|x86.Build.0 = Release|Any CPU
		{6A28DB18-FB34-4F4A-B281-C71BECA12EA6}.Debug|Any CPU.ActiveCfg = Debug|x86
		{6A28DB18-FB34-4F4A-B281-C71BECA12EA6}.Debug|x86.ActiveCfg = Debug|x86
		{6A28DB18-FB34-4F4A-B281-C71BECA12EA6}.Debug|x86.Build.0 = Debug|x86
		{6A28DB18-FB34-4F4A-B281-C71BECA12EA6}.Release|Any CPU.ActiveCfg = Release|x86
		{6A28DB18-FB34-4F4A-B281-C71BECA12EA6}.Release|x86.ActiveCfg = Release|x86
		{6A28DB18-FB34-4F4A-B281-C71BECA12EA6}.Release|x86.Build.0 = Release|x86
	EndGlobalSection
	GlobalSection(SolutionProperties) = preSolution
		HideSolutionNode = FALSE
	EndGlobalSection
	GlobalSection(ExtensibilityGlobals) = postSolution
		SolutionGuid = {7393541F-AB98-4B3F-BE3E-3B04D8B70157}
	EndGlobalSection
EndGlobal
